
Microsoft Visual Studio Solution File, Format Version 12.00
# Visual Studio Version 17
VisualStudioVersion = 17.3.32922.545
MinimumVisualStudioVersion = 10.0.40219.1
Project("{FAE04EC0-301F-11D3-BF4B-00C04F79EFBC}") = "Investi", "Investi\Investi.csproj", "{27F05E13-95D6-4217-9D2F-3E244DC4188A}"
EndProject
Global
	GlobalSection(SolutionConfigurationPlatforms) = preSolution
		Debug|Any CPU = Debug|Any CPU
		Release|Any CPU = Release|Any CPU
	EndGlobalSection
	GlobalSection(ProjectConfigurationPlatforms) = postSolution
		{27F05E13-95D6-4217-9D2F-3E244DC4188A}.Debug|Any CPU.ActiveCfg = Debug|Any CPU
		{27F05E13-95D6-4217-9D2F-3E244DC4188A}.Debug|Any CPU.Build.0 = Debug|Any CPU
		{27F05E13-95D6-4217-9D2F-3E244DC4188A}.Release|Any CPU.ActiveCfg = Release|Any CPU
		{27F05E13-95D6-4217-9D2F-3E244DC4188A}.Release|Any CPU.Build.0 = Release|Any CPU
	EndGlobalSection
	GlobalSection(SolutionProperties) = preSolution
		HideSolutionNode = FALSE
	EndGlobalSection
	GlobalSection(ExtensibilityGlobals) = postSolution
		SolutionGuid = {09A290E1-28DD-4B4C-BA0B-B0E95A199975}
	EndGlobalSection
EndGlobal
